
Microsoft Visual Studio Solution File, Format Version 12.00
# Visual Studio Version 17
VisualStudioVersion = 17.13.35913.81 d17.13
MinimumVisualStudioVersion = 10.0.40219.1
Project("{FAE04EC0-301F-11D3-BF4B-00C04F79EFBC}") = "Maze2", "Maze2.csproj", "{26114E5B-AB29-4359-A2C6-4B45CB75F02C}"
EndProject
Global
	GlobalSection(SolutionConfigurationPlatforms) = preSolution
		Debug|Any CPU = Debug|Any CPU
		Release|Any CPU = Release|Any CPU
	EndGlobalSection
	GlobalSection(ProjectConfigurationPlatforms) = postSolution
		{26114E5B-AB29-4359-A2C6-4B45CB75F02C}.Debug|Any CPU.ActiveCfg = Debug|Any CPU
		{26114E5B-AB29-4359-A2C6-4B45CB75F02C}.Debug|Any CPU.Build.0 = Debug|Any CPU
		{26114E5B-AB29-4359-A2C6-4B45CB75F02C}.Release|Any CPU.ActiveCfg = Release|Any CPU
		{26114E5B-AB29-4359-A2C6-4B45CB75F02C}.Release|Any CPU.Build.0 = Release|Any CPU
	EndGlobalSection
	GlobalSection(SolutionProperties) = preSolution
		HideSolutionNode = FALSE
	EndGlobalSection
	GlobalSection(ExtensibilityGlobals) = postSolution
		SolutionGuid = {A0A27C2A-9692-41BC-8DB5-4B9674DE5164}
	EndGlobalSection
EndGlobal
